
Microsoft Visual Studio Solution File, Format Version 12.00
# Visual Studio Version 17
VisualStudioVersion = 17.0.31903.59
MinimumVisualStudioVersion = 10.0.40219.1
Project("{FAE04EC0-301F-11D3-BF4B-00C04F79EFBC}") = "Hongdal", "Hongdal\Hongdal.csproj", "{D7A4C1B2-6E6A-4E7C-9F41-3C7B8A9B1001}"
EndProject
Project("{FAE04EC0-301F-11D3-BF4B-00C04F79EFBC}") = "HongdalAdmin", "HongdalAdmin\HongdalAdmin.csproj", "{D7A4C1B2-6E6A-4E7C-9F41-3C7B8A9B1002}"
EndProject
Project("{FAE04EC0-301F-11D3-BF4B-00C04F79EFBC}") = "HongdalAdminApp", "HongdalAdminApp\HongdalAdminApp.csproj", "{A3B7E4D1-2C9F-4A61-B8D5-73E24F6C9012}"
EndProject
Project("{FAE04EC0-301F-11D3-BF4B-00C04F79EFBC}") = "DriverApp", "DriverApp\DriverApp.csproj", "{D7A4C1B2-6E6A-4E7C-9F41-3C7B8A9B1003}"
EndProject
Project("{FAE04EC0-301F-11D3-BF4B-00C04F79EFBC}") = "HongdalRestaurantDesktop", "HongdalRestaurantDesktop\HongdalRestaurantDesktop.csproj", "{D7A4C1B2-6E6A-4E7C-9F41-3C7B8A9B1004}"
EndProject
Project("{E24C65DC-7377-472B-9ABA-BC803B73C61A}") = "docker-compose", "docker-compose.dcproj", "{D7A4C1B2-6E6A-4E7C-9F41-3C7B8A9B1005}"
EndProject
Project("{2150E333-8FDC-42A3-9474-1A3956D46DE8}") = "App", "App", "{F95F473B-E98A-ACD6-1986-755F447BE36F}"
EndProject
Project("{FAE04EC0-301F-11D3-BF4B-00C04F79EFBC}") = "Hongdal.Contracts", "Hongdal.Contracts\Hongdal.Contracts.csproj", "{FF7E0F42-A8C4-426B-AF4B-8221A6BB155C}"
EndProject
Project("{FAE04EC0-301F-11D3-BF4B-00C04F79EFBC}") = "OrdererApp", "OrdererApp\OrdererApp.csproj", "{2612316C-86B9-4637-84A0-914B445D65CB}"
EndProject
Project("{FAE04EC0-301F-11D3-BF4B-00C04F79EFBC}") = "Hongdal.Ui.Common", "Hongdal.Ui.Common\Hongdal.Ui.Common.csproj", "{9B547BCB-7FAA-41DD-9401-7AAF57044353}"
EndProject
Project("{FAE04EC0-301F-11D3-BF4B-00C04F79EFBC}") = "HumanResourcesManagerApp", "HumanResourcesManagerApp\HumanResourcesManagerApp.csproj", "{CC216107-3CBC-4339-94E3-0B1283CBF146}"
EndProject
Project("{FAE04EC0-301F-11D3-BF4B-00C04F79EFBC}") = "FDriverApp", "FDriverApp\FDriverApp.csproj", "{4990BC08-7876-4608-8377-70852118AE77}"
EndProject
Project("{FAE04EC0-301F-11D3-BF4B-00C04F79EFBC}") = "HongdalApp", "HongdalApp\HongdalApp.csproj", "{D70EF643-3447-4079-A0B0-1B1722525A4B}"
EndProject
Project("{FAE04EC0-301F-11D3-BF4B-00C04F79EFBC}") = "Hongdal.Client.Infrastructure", "Hongdal.Client.Infrastructure\Hongdal.Client.Infrastructure.csproj", "{D169B00C-A867-4C4C-BFAF-5B9D94002851}"
EndProject
Project("{FAE04EC0-301F-11D3-BF4B-00C04F79EFBC}") = "WarehouseManagerApp", "WarehouseManagerApp\WarehouseManagerApp.csproj", "{EE28F74E-1800-469C-9C54-2A8D0D77E11A}"
EndProject
Project("{FAE04EC0-301F-11D3-BF4B-00C04F79EFBC}") = "RestaurantDeskApp", "RestaurantDeskApp\RestaurantDeskApp.csproj", "{D2D4C501-6E64-4483-8515-B711FF654518}"
EndProject
Project("{FAE04EC0-301F-11D3-BF4B-00C04F79EFBC}") = "Hongdal.BackOffice.Client", "Hongdal.BackOffice.Client\Hongdal.BackOffice.Client.csproj", "{FFD84432-CDD6-4C60-B392-C787CB93F3F3}"
EndProject
Project("{FAE04EC0-301F-11D3-BF4B-00C04F79EFBC}") = "Hongdal.WebApp", "Hongdal.WebApp\Hongdal.WebApp.csproj", "{BB058F29-E52D-445B-B858-AE10D00832FB}"
EndProject
Project("{2150E333-8FDC-42A3-9474-1A3956D46DE8}") = "Server Modules", "Server Modules", "{348B1EE7-2E5A-F51D-4E9A-E74844BD3CCF}"
EndProject
Project("{FAE04EC0-301F-11D3-BF4B-00C04F79EFBC}") = "Hongdal.Community", "Hongdal.Community\Hongdal.Community.csproj", "{5F6C0C0B-588D-483A-97A7-294DF7B2063A}"
EndProject
Global
	GlobalSection(SolutionConfigurationPlatforms) = preSolution
		Debug|Any CPU = Debug|Any CPU
		Debug|x64 = Debug|x64
		Debug|x86 = Debug|x86
		Release|Any CPU = Release|Any CPU
		Release|x64 = Release|x64
		Release|x86 = Release|x86
	EndGlobalSection
	GlobalSection(ProjectConfigurationPlatforms) = postSolution
		{D7A4C1B2-6E6A-4E7C-9F41-3C7B8A9B1001}.Debug|Any CPU.ActiveCfg = Debug|Any CPU
		{D7A4C1B2-6E6A-4E7C-9F41-3C7B8A9B1001}.Debug|Any CPU.Build.0 = Debug|Any CPU
		{D7A4C1B2-6E6A-4E7C-9F41-3C7B8A9B1001}.Debug|x64.ActiveCfg = Debug|Any CPU
		{D7A4C1B2-6E6A-4E7C-9F41-3C7B8A9B1001}.Debug|x64.Build.0 = Debug|Any CPU
		{D7A4C1B2-6E6A-4E7C-9F41-3C7B8A9B1001}.Debug|x86.ActiveCfg = Debug|Any CPU
		{D7A4C1B2-6E6A-4E7C-9F41-3C7B8A9B1001}.Debug|x86.Build.0 = Debug|Any CPU
		{D7A4C1B2-6E6A-4E7C-9F41-3C7B8A9B1001}.Release|Any CPU.ActiveCfg = Release|Any CPU
		{D7A4C1B2-6E6A-4E7C-9F41-3C7B8A9B1001}.Release|Any CPU.Build.0 = Release|Any CPU
		{D7A4C1B2-6E6A-4E7C-9F41-3C7B8A9B1001}.Release|x64.ActiveCfg = Release|Any CPU
		{D7A4C1B2-6E6A-4E7C-9F41-3C7B8A9B1001}.Release|x64.Build.0 = Release|Any CPU
		{D7A4C1B2-6E6A-4E7C-9F41-3C7B8A9B1001}.Release|x86.ActiveCfg = Release|Any CPU
		{D7A4C1B2-6E6A-4E7C-9F41-3C7B8A9B1001}.Release|x86.Build.0 = Release|Any CPU
		{D7A4C1B2-6E6A-4E7C-9F41-3C7B8A9B1002}.Debug|Any CPU.ActiveCfg = Debug|Any CPU
		{D7A4C1B2-6E6A-4E7C-9F41-3C7B8A9B1002}.Debug|Any CPU.Build.0 = Debug|Any CPU
		{D7A4C1B2-6E6A-4E7C-9F41-3C7B8A9B1002}.Debug|x64.ActiveCfg = Debug|Any CPU
		{D7A4C1B2-6E6A-4E7C-9F41-3C7B8A9B1002}.Debug|x64.Build.0 = Debug|Any CPU
		{D7A4C1B2-6E6A-4E7C-9F41-3C7B8A9B1002}.Debug|x86.ActiveCfg = Debug|Any CPU
		{D7A4C1B2-6E6A-4E7C-9F41-3C7B8A9B1002}.Debug|x86.Build.0 = Debug|Any CPU
		{D7A4C1B2-6E6A-4E7C-9F41-3C7B8A9B1002}.Release|Any CPU.ActiveCfg = Release|Any CPU
		{D7A4C1B2-6E6A-4E7C-9F41-3C7B8A9B1002}.Release|Any CPU.Build.0 = Release|Any CPU
		{D7A4C1B2-6E6A-4E7C-9F41-3C7B8A9B1002}.Release|x64.ActiveCfg = Release|Any CPU
		{D7A4C1B2-6E6A-4E7C-9F41-3C7B8A9B1002}.Release|x64.Build.0 = Release|Any CPU
		{D7A4C1B2-6E6A-4E7C-9F41-3C7B8A9B1002}.Release|x86.ActiveCfg = Release|Any CPU
		{D7A4C1B2-6E6A-4E7C-9F41-3C7B8A9B1002}.Release|x86.Build.0 = Release|Any CPU
		{D7A4C1B2-6E6A-4E7C-9F41-3C7B8A9B1003}.Debug|Any CPU.ActiveCfg = Debug|Any CPU
		{D7A4C1B2-6E6A-4E7C-9F41-3C7B8A9B1003}.Debug|Any CPU.Build.0 = Debug|Any CPU
		{D7A4C1B2-6E6A-4E7C-9F41-3C7B8A9B1003}.Debug|x64.ActiveCfg = Debug|Any CPU
		{D7A4C1B2-6E6A-4E7C-9F41-3C7B8A9B1003}.Debug|x64.Build.0 = Debug|Any CPU
		{D7A4C1B2-6E6A-4E7C-9F41-3C7B8A9B1003}.Debug|x86.ActiveCfg = Debug|Any CPU
		{D7A4C1B2-6E6A-4E7C-9F41-3C7B8A9B1003}.Debug|x86.Build.0 = Debug|Any CPU
		{D7A4C1B2-6E6A-4E7C-9F41-3C7B8A9B1003}.Release|Any CPU.ActiveCfg = Release|Any CPU
		{D7A4C1B2-6E6A-4E7C-9F41-3C7B8A9B1003}.Release|Any CPU.Build.0 = Release|Any CPU
		{D7A4C1B2-6E6A-4E7C-9F41-3C7B8A9B1003}.Release|x64.ActiveCfg = Release|Any CPU
		{D7A4C1B2-6E6A-4E7C-9F41-3C7B8A9B1003}.Release|x64.Build.0 = Release|Any CPU
		{D7A4C1B2-6E6A-4E7C-9F41-3C7B8A9B1003}.Release|x86.ActiveCfg = Release|Any CPU
		{D7A4C1B2-6E6A-4E7C-9F41-3C7B8A9B1003}.Release|x86.Build.0 = Release|Any CPU
		{D7A4C1B2-6E6A-4E7C-9F41-3C7B8A9B1004}.Debug|Any CPU.ActiveCfg = Debug|Any CPU
		{D7A4C1B2-6E6A-4E7C-9F41-3C7B8A9B1004}.Debug|Any CPU.Build.0 = Debug|Any CPU
		{D7A4C1B2-6E6A-4E7C-9F41-3C7B8A9B1004}.Debug|x64.ActiveCfg = Debug|Any CPU
		{D7A4C1B2-6E6A-4E7C-9F41-3C7B8A9B1004}.Debug|x64.Build.0 = Debug|Any CPU
		{D7A4C1B2-6E6A-4E7C-9F41-3C7B8A9B1004}.Debug|x86.ActiveCfg = Debug|Any CPU
		{D7A4C1B2-6E6A-4E7C-9F41-3C7B8A9B1004}.Debug|x86.Build.0 = Debug|Any CPU
		{D7A4C1B2-6E6A-4E7C-9F41-3C7B8A9B1004}.Release|Any CPU.ActiveCfg = Release|Any CPU
		{D7A4C1B2-6E6A-4E7C-9F41-3C7B8A9B1004}.Release|Any CPU.Build.0 = Release|Any CPU
		{D7A4C1B2-6E6A-4E7C-9F41-3C7B8A9B1004}.Release|x64.ActiveCfg = Release|Any CPU
		{D7A4C1B2-6E6A-4E7C-9F41-3C7B8A9B1004}.Release|x64.Build.0 = Release|Any CPU
		{D7A4C1B2-6E6A-4E7C-9F41-3C7B8A9B1004}.Release|x86.ActiveCfg = Release|Any CPU
		{D7A4C1B2-6E6A-4E7C-9F41-3C7B8A9B1004}.Release|x86.Build.0 = Release|Any CPU
		{D7A4C1B2-6E6A-4E7C-9F41-3C7B8A9B1005}.Debug|Any CPU.ActiveCfg = Debug|Any CPU
		{D7A4C1B2-6E6A-4E7C-9F41-3C7B8A9B1005}.Debug|Any CPU.Build.0 = Debug|Any CPU
		{D7A4C1B2-6E6A-4E7C-9F41-3C7B8A9B1005}.Debug|x64.ActiveCfg = Debug|Any CPU
		{D7A4C1B2-6E6A-4E7C-9F41-3C7B8A9B1005}.Debug|x64.Build.0 = Debug|Any CPU
		{D7A4C1B2-6E6A-4E7C-9F41-3C7B8A9B1005}.Debug|x86.ActiveCfg = Debug|Any CPU
		{D7A4C1B2-6E6A-4E7C-9F41-3C7B8A9B1005}.Debug|x86.Build.0 = Debug|Any CPU
		{D7A4C1B2-6E6A-4E7C-9F41-3C7B8A9B1005}.Release|Any CPU.ActiveCfg = Release|Any CPU
		{D7A4C1B2-6E6A-4E7C-9F41-3C7B8A9B1005}.Release|Any CPU.Build.0 = Release|Any CPU
		{D7A4C1B2-6E6A-4E7C-9F41-3C7B8A9B1005}.Release|x64.ActiveCfg = Release|Any CPU
		{D7A4C1B2-6E6A-4E7C-9F41-3C7B8A9B1005}.Release|x64.Build.0 = Release|Any CPU
		{D7A4C1B2-6E6A-4E7C-9F41-3C7B8A9B1005}.Release|x86.ActiveCfg = Release|Any CPU
		{D7A4C1B2-6E6A-4E7C-9F41-3C7B8A9B1005}.Release|x86.Build.0 = Release|Any CPU
		{FF7E0F42-A8C4-426B-AF4B-8221A6BB155C}.Debug|Any CPU.ActiveCfg = Debug|Any CPU
		{FF7E0F42-A8C4-426B-AF4B-8221A6BB155C}.Debug|Any CPU.Build.0 = Debug|Any CPU
		{FF7E0F42-A8C4-426B-AF4B-8221A6BB155C}.Debug|x64.ActiveCfg = Debug|Any CPU
		{FF7E0F42-A8C4-426B-AF4B-8221A6BB155C}.Debug|x64.Build.0 = Debug|Any CPU
		{FF7E0F42-A8C4-426B-AF4B-8221A6BB155C}.Debug|x86.ActiveCfg = Debug|Any CPU
		{FF7E0F42-A8C4-426B-AF4B-8221A6BB155C}.Debug|x86.Build.0 = Debug|Any CPU
		{FF7E0F42-A8C4-426B-AF4B-8221A6BB155C}.Release|Any CPU.ActiveCfg = Release|Any CPU
		{FF7E0F42-A8C4-426B-AF4B-8221A6BB155C}.Release|Any CPU.Build.0 = Release|Any CPU
		{FF7E0F42-A8C4-426B-AF4B-8221A6BB155C}.Release|x64.ActiveCfg = Release|Any CPU
		{FF7E0F42-A8C4-426B-AF4B-8221A6BB155C}.Release|x64.Build.0 = Release|Any CPU
		{FF7E0F42-A8C4-426B-AF4B-8221A6BB155C}.Release|x86.ActiveCfg = Release|Any CPU
		{FF7E0F42-A8C4-426B-AF4B-8221A6BB155C}.Release|x86.Build.0 = Release|Any CPU
		{2612316C-86B9-4637-84A0-914B445D65CB}.Debug|Any CPU.ActiveCfg = Debug|Any CPU
		{2612316C-86B9-4637-84A0-914B445D65CB}.Debug|Any CPU.Build.0 = Debug|Any CPU
		{2612316C-86B9-4637-84A0-914B445D65CB}.Debug|x64.ActiveCfg = Debug|Any CPU
		{2612316C-86B9-4637-84A0-914B445D65CB}.Debug|x64.Build.0 = Debug|Any CPU
		{2612316C-86B9-4637-84A0-914B445D65CB}.Debug|x86.ActiveCfg = Debug|Any CPU
		{2612316C-86B9-4637-84A0-914B445D65CB}.Debug|x86.Build.0 = Debug|Any CPU
		{2612316C-86B9-4637-84A0-914B445D65CB}.Release|Any CPU.ActiveCfg = Release|Any CPU
		{2612316C-86B9-4637-84A0-914B445D65CB}.Release|Any CPU.Build.0 = Release|Any CPU
		{2612316C-86B9-4637-84A0-914B445D65CB}.Release|x64.ActiveCfg = Release|Any CPU
		{2612316C-86B9-4637-84A0-914B445D65CB}.Release|x64.Build.0 = Release|Any CPU
		{2612316C-86B9-4637-84A0-914B445D65CB}.Release|x86.ActiveCfg = Release|Any CPU
		{2612316C-86B9-4637-84A0-914B445D65CB}.Release|x86.Build.0 = Release|Any CPU
		{9B547BCB-7FAA-41DD-9401-7AAF57044353}.Debug|Any CPU.ActiveCfg = Debug|Any CPU
		{9B547BCB-7FAA-41DD-9401-7AAF57044353}.Debug|Any CPU.Build.0 = Debug|Any CPU
		{9B547BCB-7FAA-41DD-9401-7AAF57044353}.Debug|x64.ActiveCfg = Debug|Any CPU
		{9B547BCB-7FAA-41DD-9401-7AAF57044353}.Debug|x64.Build.0 = Debug|Any CPU
		{9B547BCB-7FAA-41DD-9401-7AAF57044353}.Debug|x86.ActiveCfg = Debug|Any CPU
		{9B547BCB-7FAA-41DD-9401-7AAF57044353}.Debug|x86.Build.0 = Debug|Any CPU
		{9B547BCB-7FAA-41DD-9401-7AAF57044353}.Release|Any CPU.ActiveCfg = Release|Any CPU
		{9B547BCB-7FAA-41DD-9401-7AAF57044353}.Release|Any CPU.Build.0 = Release|Any CPU
		{9B547BCB-7FAA-41DD-9401-7AAF57044353}.Release|x64.ActiveCfg = Release|Any CPU
		{9B547BCB-7FAA-41DD-9401-7AAF57044353}.Release|x64.Build.0 = Release|Any CPU
		{9B547BCB-7FAA-41DD-9401-7AAF57044353}.Release|x86.ActiveCfg = Release|Any CPU
		{9B547BCB-7FAA-41DD-9401-7AAF57044353}.Release|x86.Build.0 = Release|Any CPU
		{CC216107-3CBC-4339-94E3-0B1283CBF146}.Debug|Any CPU.ActiveCfg = Debug|Any CPU
		{CC216107-3CBC-4339-94E3-0B1283CBF146}.Debug|Any CPU.Build.0 = Debug|Any CPU
		{CC216107-3CBC-4339-94E3-0B1283CBF146}.Debug|x64.ActiveCfg = Debug|Any CPU
		{CC216107-3CBC-4339-94E3-0B1283CBF146}.Debug|x64.Build.0 = Debug|Any CPU
		{CC216107-3CBC-4339-94E3-0B1283CBF146}.Debug|x86.ActiveCfg = Debug|Any CPU
		{CC216107-3CBC-4339-94E3-0B1283CBF146}.Debug|x86.Build.0 = Debug|Any CPU
		{CC216107-3CBC-4339-94E3-0B1283CBF146}.Release|Any CPU.ActiveCfg = Release|Any CPU
		{CC216107-3CBC-4339-94E3-0B1283CBF146}.Release|Any CPU.Build.0 = Release|Any CPU
		{CC216107-3CBC-4339-94E3-0B1283CBF146}.Release|x64.ActiveCfg = Release|Any CPU
		{CC216107-3CBC-4339-94E3-0B1283CBF146}.Release|x64.Build.0 = Release|Any CPU
		{CC216107-3CBC-4339-94E3-0B1283CBF146}.Release|x86.ActiveCfg = Release|Any CPU
		{CC216107-3CBC-4339-94E3-0B1283CBF146}.Release|x86.Build.0 = Release|Any CPU
		{4990BC08-7876-4608-8377-70852118AE77}.Debug|Any CPU.ActiveCfg = Debug|Any CPU
		{4990BC08-7876-4608-8377-70852118AE77}.Debug|Any CPU.Build.0 = Debug|Any CPU
		{4990BC08-7876-4608-8377-70852118AE77}.Debug|x64.ActiveCfg = Debug|Any CPU
		{4990BC08-7876-4608-8377-70852118AE77}.Debug|x64.Build.0 = Debug|Any CPU
		{4990BC08-7876-4608-8377-70852118AE77}.Debug|x86.ActiveCfg = Debug|Any CPU
		{4990BC08-7876-4608-8377-70852118AE77}.Debug|x86.Build.0 = Debug|Any CPU
		{4990BC08-7876-4608-8377-70852118AE77}.Release|Any CPU.ActiveCfg = Release|Any CPU
		{4990BC08-7876-4608-8377-70852118AE77}.Release|Any CPU.Build.0 = Release|Any CPU
		{4990BC08-7876-4608-8377-70852118AE77}.Release|x64.ActiveCfg = Release|Any CPU
		{4990BC08-7876-4608-8377-70852118AE77}.Release|x64.Build.0 = Release|Any CPU
		{4990BC08-7876-4608-8377-70852118AE77}.Release|x86.ActiveCfg = Release|Any CPU
		{4990BC08-7876-4608-8377-70852118AE77}.Release|x86.Build.0 = Release|Any CPU
		{D70EF643-3447-4079-A0B0-1B1722525A4B}.Debug|Any CPU.ActiveCfg = Debug|Any CPU
		{D70EF643-3447-4079-A0B0-1B1722525A4B}.Debug|Any CPU.Build.0 = Debug|Any CPU
		{D70EF643-3447-4079-A0B0-1B1722525A4B}.Debug|x64.ActiveCfg = Debug|Any CPU
		{D70EF643-3447-4079-A0B0-1B1722525A4B}.Debug|x64.Build.0 = Debug|Any CPU
		{D70EF643-3447-4079-A0B0-1B1722525A4B}.Debug|x86.ActiveCfg = Debug|Any CPU
		{D70EF643-3447-4079-A0B0-1B1722525A4B}.Debug|x86.Build.0 = Debug|Any CPU
		{D70EF643-3447-4079-A0B0-1B1722525A4B}.Release|Any CPU.ActiveCfg = Release|Any CPU
		{D70EF643-3447-4079-A0B0-1B1722525A4B}.Release|Any CPU.Build.0 = Release|Any CPU
		{D70EF643-3447-4079-A0B0-1B1722525A4B}.Release|x64.ActiveCfg = Release|Any CPU
		{D70EF643-3447-4079-A0B0-1B1722525A4B}.Release|x64.Build.0 = Release|Any CPU
		{D70EF643-3447-4079-A0B0-1B1722525A4B}.Release|x86.ActiveCfg = Release|Any CPU
		{D70EF643-3447-4079-A0B0-1B1722525A4B}.Release|x86.Build.0 = Release|Any CPU
		{D169B00C-A867-4C4C-BFAF-5B9D94002851}.Debug|Any CPU.ActiveCfg = Debug|Any CPU
		{D169B00C-A867-4C4C-BFAF-5B9D94002851}.Debug|Any CPU.Build.0 = Debug|Any CPU
		{D169B00C-A867-4C4C-BFAF-5B9D94002851}.Debug|x64.ActiveCfg = Debug|Any CPU
		{D169B00C-A867-4C4C-BFAF-5B9D94002851}.Debug|x64.Build.0 = Debug|Any CPU
		{D169B00C-A867-4C4C-BFAF-5B9D94002851}.Debug|x86.ActiveCfg = Debug|Any CPU
		{D169B00C-A867-4C4C-BFAF-5B9D94002851}.Debug|x86.Build.0 = Debug|Any CPU
		{D169B00C-A867-4C4C-BFAF-5B9D94002851}.Release|Any CPU.ActiveCfg = Release|Any CPU
		{D169B00C-A867-4C4C-BFAF-5B9D94002851}.Release|Any CPU.Build.0 = Release|Any CPU
		{D169B00C-A867-4C4C-BFAF-5B9D94002851}.Release|x64.ActiveCfg = Release|Any CPU
		{D169B00C-A867-4C4C-BFAF-5B9D94002851}.Release|x64.Build.0 = Release|Any CPU
		{D169B00C-A867-4C4C-BFAF-5B9D94002851}.Release|x86.ActiveCfg = Release|Any CPU
		{D169B00C-A867-4C4C-BFAF-5B9D94002851}.Release|x86.Build.0 = Release|Any CPU
		{EE28F74E-1800-469C-9C54-2A8D0D77E11A}.Debug|Any CPU.ActiveCfg = Debug|Any CPU
		{EE28F74E-1800-469C-9C54-2A8D0D77E11A}.Debug|Any CPU.Build.0 = Debug|Any CPU
		{EE28F74E-1800-469C-9C54-2A8D0D77E11A}.Debug|x64.ActiveCfg = Debug|Any CPU
		{EE28F74E-1800-469C-9C54-2A8D0D77E11A}.Debug|x64.Build.0 = Debug|Any CPU
		{EE28F74E-1800-469C-9C54-2A8D0D77E11A}.Debug|x86.ActiveCfg = Debug|Any CPU
		{EE28F74E-1800-469C-9C54-2A8D0D77E11A}.Debug|x86.Build.0 = Debug|Any CPU
		{EE28F74E-1800-469C-9C54-2A8D0D77E11A}.Release|Any CPU.ActiveCfg = Release|Any CPU
		{EE28F74E-1800-469C-9C54-2A8D0D77E11A}.Release|Any CPU.Build.0 = Release|Any CPU
		{EE28F74E-1800-469C-9C54-2A8D0D77E11A}.Release|x64.ActiveCfg = Release|Any CPU
		{EE28F74E-1800-469C-9C54-2A8D0D77E11A}.Release|x64.Build.0 = Release|Any CPU
		{EE28F74E-1800-469C-9C54-2A8D0D77E11A}.Release|x86.ActiveCfg = Release|Any CPU
		{EE28F74E-1800-469C-9C54-2A8D0D77E11A}.Release|x86.Build.0 = Release|Any CPU
		{D2D4C501-6E64-4483-8515-B711FF654518}.Debug|Any CPU.ActiveCfg = Debug|Any CPU
		{D2D4C501-6E64-4483-8515-B711FF654518}.Debug|Any CPU.Build.0 = Debug|Any CPU
		{D2D4C501-6E64-4483-8515-B711FF654518}.Debug|x64.ActiveCfg = Debug|Any CPU
		{D2D4C501-6E64-4483-8515-B711FF654518}.Debug|x64.Build.0 = Debug|Any CPU
		{D2D4C501-6E64-4483-8515-B711FF654518}.Debug|x86.ActiveCfg = Debug|Any CPU
		{D2D4C501-6E64-4483-8515-B711FF654518}.Debug|x86.Build.0 = Debug|Any CPU
		{D2D4C501-6E64-4483-8515-B711FF654518}.Release|Any CPU.ActiveCfg = Release|Any CPU
		{D2D4C501-6E64-4483-8515-B711FF654518}.Release|Any CPU.Build.0 = Release|Any CPU
		{D2D4C501-6E64-4483-8515-B711FF654518}.Release|x64.ActiveCfg = Release|Any CPU
		{D2D4C501-6E64-4483-8515-B711FF654518}.Release|x64.Build.0 = Release|Any CPU
		{D2D4C501-6E64-4483-8515-B711FF654518}.Release|x86.ActiveCfg = Release|Any CPU
		{D2D4C501-6E64-4483-8515-B711FF654518}.Release|x86.Build.0 = Release|Any CPU
		{FFD84432-CDD6-4C60-B392-C787CB93F3F3}.Debug|Any CPU.ActiveCfg = Debug|Any CPU
		{FFD84432-CDD6-4C60-B392-C787CB93F3F3}.Debug|Any CPU.Build.0 = Debug|Any CPU
		{FFD84432-CDD6-4C60-B392-C787CB93F3F3}.Debug|x64.ActiveCfg = Debug|Any CPU
		{FFD84432-CDD6-4C60-B392-C787CB93F3F3}.Debug|x64.Build.0 = Debug|Any CPU
		{FFD84432-CDD6-4C60-B392-C787CB93F3F3}.Debug|x86.ActiveCfg = Debug|Any CPU
		{FFD84432-CDD6-4C60-B392-C787CB93F3F3}.Debug|x86.Build.0 = Debug|Any CPU
		{FFD84432-CDD6-4C60-B392-C787CB93F3F3}.Release|Any CPU.ActiveCfg = Release|Any CPU
		{FFD84432-CDD6-4C60-B392-C787CB93F3F3}.Release|Any CPU.Build.0 = Release|Any CPU
		{FFD84432-CDD6-4C60-B392-C787CB93F3F3}.Release|x64.ActiveCfg = Release|Any CPU
		{FFD84432-CDD6-4C60-B392-C787CB93F3F3}.Release|x64.Build.0 = Release|Any CPU
		{FFD84432-CDD6-4C60-B392-C787CB93F3F3}.Release|x86.ActiveCfg = Release|Any CPU
		{FFD84432-CDD6-4C60-B392-C787CB93F3F3}.Release|x86.Build.0 = Release|Any CPU
		{BB058F29-E52D-445B-B858-AE10D00832FB}.Debug|Any CPU.ActiveCfg = Debug|Any CPU
		{BB058F29-E52D-445B-B858-AE10D00832FB}.Debug|Any CPU.Build.0 = Debug|Any CPU
		{BB058F29-E52D-445B-B858-AE10D00832FB}.Debug|x64.ActiveCfg = Debug|Any CPU
		{BB058F29-E52D-445B-B858-AE10D00832FB}.Debug|x64.Build.0 = Debug|Any CPU
		{BB058F29-E52D-445B-B858-AE10D00832FB}.Debug|x86.ActiveCfg = Debug|Any CPU
		{BB058F29-E52D-445B-B858-AE10D00832FB}.Debug|x86.Build.0 = Debug|Any CPU
		{BB058F29-E52D-445B-B858-AE10D00832FB}.Release|Any CPU.ActiveCfg = Release|Any CPU
		{BB058F29-E52D-445B-B858-AE10D00832FB}.Release|Any CPU.Build.0 = Release|Any CPU
		{BB058F29-E52D-445B-B858-AE10D00832FB}.Release|x64.ActiveCfg = Release|Any CPU
		{BB058F29-E52D-445B-B858-AE10D00832FB}.Release|x64.Build.0 = Release|Any CPU
		{BB058F29-E52D-445B-B858-AE10D00832FB}.Release|x86.ActiveCfg = Release|Any CPU
		{BB058F29-E52D-445B-B858-AE10D00832FB}.Release|x86.Build.0 = Release|Any CPU
		{A3B7E4D1-2C9F-4A61-B8D5-73E24F6C9012}.Debug|Any CPU.ActiveCfg = Debug|Any CPU
		{A3B7E4D1-2C9F-4A61-B8D5-73E24F6C9012}.Debug|Any CPU.Build.0 = Debug|Any CPU
		{A3B7E4D1-2C9F-4A61-B8D5-73E24F6C9012}.Debug|x64.ActiveCfg = Debug|Any CPU
		{A3B7E4D1-2C9F-4A61-B8D5-73E24F6C9012}.Debug|x64.Build.0 = Debug|Any CPU
		{A3B7E4D1-2C9F-4A61-B8D5-73E24F6C9012}.Debug|x86.ActiveCfg = Debug|Any CPU
		{A3B7E4D1-2C9F-4A61-B8D5-73E24F6C9012}.Debug|x86.Build.0 = Debug|Any CPU
		{A3B7E4D1-2C9F-4A61-B8D5-73E24F6C9012}.Release|Any CPU.ActiveCfg = Release|Any CPU
		{A3B7E4D1-2C9F-4A61-B8D5-73E24F6C9012}.Release|Any CPU.Build.0 = Release|Any CPU
		{A3B7E4D1-2C9F-4A61-B8D5-73E24F6C9012}.Release|x64.ActiveCfg = Release|Any CPU
		{A3B7E4D1-2C9F-4A61-B8D5-73E24F6C9012}.Release|x64.Build.0 = Release|Any CPU
		{A3B7E4D1-2C9F-4A61-B8D5-73E24F6C9012}.Release|x86.ActiveCfg = Release|Any CPU
		{A3B7E4D1-2C9F-4A61-B8D5-73E24F6C9012}.Release|x86.Build.0 = Release|Any CPU
		{5F6C0C0B-588D-483A-97A7-294DF7B2063A}.Debug|Any CPU.ActiveCfg = Debug|Any CPU
		{5F6C0C0B-588D-483A-97A7-294DF7B2063A}.Debug|Any CPU.Build.0 = Debug|Any CPU
		{5F6C0C0B-588D-483A-97A7-294DF7B2063A}.Debug|x64.ActiveCfg = Debug|Any CPU
		{5F6C0C0B-588D-483A-97A7-294DF7B2063A}.Debug|x64.Build.0 = Debug|Any CPU
		{5F6C0C0B-588D-483A-97A7-294DF7B2063A}.Debug|x86.ActiveCfg = Debug|Any CPU
		{5F6C0C0B-588D-483A-97A7-294DF7B2063A}.Debug|x86.Build.0 = Debug|Any CPU
		{5F6C0C0B-588D-483A-97A7-294DF7B2063A}.Release|Any CPU.ActiveCfg = Release|Any CPU
		{5F6C0C0B-588D-483A-97A7-294DF7B2063A}.Release|Any CPU.Build.0 = Release|Any CPU
		{5F6C0C0B-588D-483A-97A7-294DF7B2063A}.Release|x64.ActiveCfg = Release|Any CPU
		{5F6C0C0B-588D-483A-97A7-294DF7B2063A}.Release|x64.Build.0 = Release|Any CPU
		{5F6C0C0B-588D-483A-97A7-294DF7B2063A}.Release|x86.ActiveCfg = Release|Any CPU
		{5F6C0C0B-588D-483A-97A7-294DF7B2063A}.Release|x86.Build.0 = Release|Any CPU
	EndGlobalSection
	GlobalSection(SolutionProperties) = preSolution
		HideSolutionNode = FALSE
	EndGlobalSection
	GlobalSection(NestedProjects) = preSolution
		{FF7E0F42-A8C4-426B-AF4B-8221A6BB155C} = {F95F473B-E98A-ACD6-1986-755F447BE36F}
		{4990BC08-7876-4608-8377-70852118AE77} = {F95F473B-E98A-ACD6-1986-755F447BE36F}
		{D70EF643-3447-4079-A0B0-1B1722525A4B} = {F95F473B-E98A-ACD6-1986-755F447BE36F}
		{D169B00C-A867-4C4C-BFAF-5B9D94002851} = {F95F473B-E98A-ACD6-1986-755F447BE36F}
		{EE28F74E-1800-469C-9C54-2A8D0D77E11A} = {F95F473B-E98A-ACD6-1986-755F447BE36F}
		{D2D4C501-6E64-4483-8515-B711FF654518} = {F95F473B-E98A-ACD6-1986-755F447BE36F}
		{FFD84432-CDD6-4C60-B392-C787CB93F3F3} = {F95F473B-E98A-ACD6-1986-755F447BE36F}
		{A3B7E4D1-2C9F-4A61-B8D5-73E24F6C9012} = {F95F473B-E98A-ACD6-1986-755F447BE36F}
		{5F6C0C0B-588D-483A-97A7-294DF7B2063A} = {348B1EE7-2E5A-F51D-4E9A-E74844BD3CCF}
	EndGlobalSection
EndGlobal
